<?xml version="1.0" encoding="utf-8"?>
<Project ToolsVersion="4.0" xmlns="http://schemas.microsoft.com/developer/msbuild/2003">
  <ItemGroup>
    <Filter Include="src">
      <UniqueIdentifier>{4FC737F1-C7A5-4376-A066-2A32D752A2FF}</UniqueIdentifier>
      <Extensions>cpp;c;cc;cxx;c++;cppm;ixx;def;odl;idl;hpj;bat;asm;asmx</Extensions>
    </Filter>
    <Filter Include="src\days">
      <UniqueIdentifier>{e45076cf-56e7-4b92-9a9d-79030d982699}</UniqueIdentifier>
    </Filter>
    <Filter Include="inputs">
      <UniqueIdentifier>{93995380-89BD-4b04-88EB-625FBE52EBFB}</UniqueIdentifier>
      <Extensions>h;hh;hpp;hxx;h++;hm;inl;inc;ipp;xsd</Extensions>
    </Filter>
  </ItemGroup>
  <ItemGroup>
    <ClCompile Include="src\application.cppm">
      <Filter>src</Filter>
    </ClCompile>
    <ClCompile Include="src\main.cppm">
      <Filter>src</Filter>
    </ClCompile>
    <ClCompile Include="src\days\day6.cppm">
      <Filter>src\days</Filter>
    </ClCompile>
    <ClCompile Include="src\days\day7.cppm">
      <Filter>src\days</Filter>
    </ClCompile>
    <ClCompile Include="src\days\day8.cppm">
      <Filter>src\days</Filter>
    </ClCompile>
    <ClCompile Include="src\days\day9.cppm">
      <Filter>src\days</Filter>
    </ClCompile>
    <ClCompile Include="src\days\day10.cppm">
      <Filter>src\days</Filter>
    </ClCompile>
    <ClCompile Include="src\days\day11.cppm">
      <Filter>src\days</Filter>
    </ClCompile>
    <ClCompile Include="src\days\day12.cppm">
      <Filter>src\days</Filter>
    </ClCompile>
    <ClCompile Include="src\days\day13.cppm">
      <Filter>src\days</Filter>
    </ClCompile>
    <ClCompile Include="src\days\day14.cppm">
      <Filter>src\days</Filter>
    </ClCompile>
    <ClCompile Include="src\days\day15.cppm">
      <Filter>src\days</Filter>
    </ClCompile>
    <ClCompile Include="src\days\day16.cppm">
      <Filter>src\days</Filter>
    </ClCompile>
    <ClCompile Include="src\days\day17.cppm">
      <Filter>src\days</Filter>
    </ClCompile>
    <ClCompile Include="src\days\day18.cppm">
      <Filter>src\days</Filter>
    </ClCompile>
    <ClCompile Include="src\days\day19.cppm">
      <Filter>src\days</Filter>
    </ClCompile>
    <ClCompile Include="src\days\day20.cppm">
      <Filter>src\days</Filter>
    </ClCompile>
    <ClCompile Include="src\days\day21.cppm">
      <Filter>src\days</Filter>
    </ClCompile>
    <ClCompile Include="src\days\day22.cppm">
      <Filter>src\days</Filter>
    </ClCompile>
    <ClCompile Include="src\days\day23.cppm">
      <Filter>src\days</Filter>
    </ClCompile>
    <ClCompile Include="src\days\day24.cppm">
      <Filter>src\days</Filter>
    </ClCompile>
    <ClCompile Include="src\days\day25.cppm">
      <Filter>src\days</Filter>
    </ClCompile>
    <ClCompile Include="src\days\day1.cppm">
      <Filter>src\days</Filter>
    </ClCompile>
    <ClCompile Include="src\days\day2.cppm">
      <Filter>src\days</Filter>
    </ClCompile>
    <ClCompile Include="src\days\day3.cppm">
      <Filter>src\days</Filter>
    </ClCompile>
    <ClCompile Include="src\days\day4.cppm">
      <Filter>src\days</Filter>
    </ClCompile>
    <ClCompile Include="src\days\day5.cppm">
      <Filter>src\days</Filter>
    </ClCompile>
    <ClCompile Include="src\vec2.cppm">
      <Filter>src</Filter>
    </ClCompile>
    <ClCompile Include="src\vec3.cppm">
      <Filter>src</Filter>
    </ClCompile>
  </ItemGroup>
  <ItemGroup>
    <Text Include="inputs\day9.txt">
      <Filter>inputs</Filter>
    </Text>
    <Text Include="inputs\day10.txt">
      <Filter>inputs</Filter>
    </Text>
    <Text Include="inputs\day11.txt">
      <Filter>inputs</Filter>
    </Text>
    <Text Include="inputs\day12.txt">
      <Filter>inputs</Filter>
    </Text>
    <Text Include="inputs\day13.txt">
      <Filter>inputs</Filter>
    </Text>
    <Text Include="inputs\day14.txt">
      <Filter>inputs</Filter>
    </Text>
    <Text Include="inputs\day15.txt">
      <Filter>inputs</Filter>
    </Text>
    <Text Include="inputs\day16.txt">
      <Filter>inputs</Filter>
    </Text>
    <Text Include="inputs\day17.txt">
      <Filter>inputs</Filter>
    </Text>
    <Text Include="inputs\day18.txt">
      <Filter>inputs</Filter>
    </Text>
    <Text Include="inputs\day19.txt">
      <Filter>inputs</Filter>
    </Text>
    <Text Include="inputs\day20.txt">
      <Filter>inputs</Filter>
    </Text>
    <Text Include="inputs\day21.txt">
      <Filter>inputs</Filter>
    </Text>
    <Text Include="inputs\day22.txt">
      <Filter>inputs</Filter>
    </Text>
    <Text Include="inputs\day23.txt">
      <Filter>inputs</Filter>
    </Text>
    <Text Include="inputs\day24.txt">
      <Filter>inputs</Filter>
    </Text>
    <Text Include="inputs\day25.txt">
      <Filter>inputs</Filter>
    </Text>
    <Text Include="inputs\day1.txt">
      <Filter>inputs</Filter>
    </Text>
    <Text Include="inputs\day2.txt">
      <Filter>inputs</Filter>
    </Text>
    <Text Include="inputs\day3.txt">
      <Filter>inputs</Filter>
    </Text>
    <Text Include="inputs\day4.txt">
      <Filter>inputs</Filter>
    </Text>
    <Text Include="inputs\day5.txt">
      <Filter>inputs</Filter>
    </Text>
    <Text Include="inputs\day6.txt">
      <Filter>inputs</Filter>
    </Text>
    <Text Include="inputs\day7.txt">
      <Filter>inputs</Filter>
    </Text>
    <Text Include="inputs\day8.txt">
      <Filter>inputs</Filter>
    </Text>
  </ItemGroup>
</Project>